
Microsoft Visual Studio Solution File, Format Version 12.00
# Visual Studio Version 16
VisualStudioVersion = 16.0.31410.357
MinimumVisualStudioVersion = 10.0.40219.1
Project("{FAE04EC0-301F-11D3-BF4B-00C04F79EFBC}") = "News_Project", "News_Project\News_Project.csproj", "{377A75A8-5AFD-4040-B995-2C2AF6804336}"
EndProject
Global
	GlobalSection(SolutionConfigurationPlatforms) = preSolution
		Debug|Any CPU = Debug|Any CPU
		Release|Any CPU = Release|Any CPU
	EndGlobalSection
	GlobalSection(ProjectConfigurationPlatforms) = postSolution
		{377A75A8-5AFD-4040-B995-2C2AF6804336}.Debug|Any CPU.ActiveCfg = Debug|Any CPU
		{377A75A8-5AFD-4040-B995-2C2AF6804336}.Debug|Any CPU.Build.0 = Debug|Any CPU
		{377A75A8-5AFD-4040-B995-2C2AF6804336}.Release|Any CPU.ActiveCfg = Release|Any CPU
		{377A75A8-5AFD-4040-B995-2C2AF6804336}.Release|Any CPU.Build.0 = Release|Any CPU
	EndGlobalSection
	GlobalSection(SolutionProperties) = preSolution
		HideSolutionNode = FALSE
	EndGlobalSection
	GlobalSection(ExtensibilityGlobals) = postSolution
		SolutionGuid = {75A4CB47-A6B7-4794-882F-6BC6FD5E2B5F}
	EndGlobalSection
EndGlobal
